
Microsoft Visual Studio Solution File, Format Version 11.00
# Visual Studio 2010
Project("{FAE04EC0-301F-11D3-BF4B-00C04F79EFBC}") = "PackageInstaller", "PackageInstaller\PackageInstaller.csproj", "{5EDE119C-9D61-4531-9C35-E612C00988D1}"
EndProject
Project("{FAE04EC0-301F-11D3-BF4B-00C04F79EFBC}") = "HedgehogDevelopment.TDS.PackageInstallerService", "HedgehogDevelopment.TDS.PackageInstallerService\HedgehogDevelopment.TDS.PackageInstallerService.csproj", "{6FEA2D38-AABB-4341-992C-D183E959B237}"
EndProject
Global
	GlobalSection(TeamFoundationVersionControl) = preSolution
		SccNumberOfProjects = 3
		SccEnterpriseProvider = {4CA58AB2-18FA-4F8D-95D4-32DDF27D184C}
		SccTeamFoundationServer = http://hedgehog-tfs:8080/
		SccLocalPath0 = .
		SccProjectUniqueName1 = PackageInstaller\\PackageInstaller.csproj
		SccProjectName1 = PackageInstaller
		SccLocalPath1 = PackageInstaller
		SccProjectUniqueName2 = HedgehogDevelopment.TDS.PackageInstallerService\\HedgehogDevelopment.TDS.PackageInstallerService.csproj
		SccProjectName2 = HedgehogDevelopment.TDS.PackageInstallerService
		SccLocalPath2 = HedgehogDevelopment.TDS.PackageInstallerService
	EndGlobalSection
	GlobalSection(SolutionConfigurationPlatforms) = preSolution
		Debug|Any CPU = Debug|Any CPU
		Debug|Mixed Platforms = Debug|Mixed Platforms
		Debug|x86 = Debug|x86
		Release|Any CPU = Release|Any CPU
		Release|Mixed Platforms = Release|Mixed Platforms
		Release|x86 = Release|x86
	EndGlobalSection
	GlobalSection(ProjectConfigurationPlatforms) = postSolution
		{5EDE119C-9D61-4531-9C35-E612C00988D1}.Debug|Any CPU.ActiveCfg = Debug|x86
		{5EDE119C-9D61-4531-9C35-E612C00988D1}.Debug|Mixed Platforms.ActiveCfg = Debug|x86
		{5EDE119C-9D61-4531-9C35-E612C00988D1}.Debug|Mixed Platforms.Build.0 = Debug|x86
		{5EDE119C-9D61-4531-9C35-E612C00988D1}.Debug|x86.ActiveCfg = Debug|x86
		{5EDE119C-9D61-4531-9C35-E612C00988D1}.Debug|x86.Build.0 = Debug|x86
		{5EDE119C-9D61-4531-9C35-E612C00988D1}.Release|Any CPU.ActiveCfg = Release|x86
		{5EDE119C-9D61-4531-9C35-E612C00988D1}.Release|Mixed Platforms.ActiveCfg = Release|x86
		{5EDE119C-9D61-4531-9C35-E612C00988D1}.Release|Mixed Platforms.Build.0 = Release|x86
		{5EDE119C-9D61-4531-9C35-E612C00988D1}.Release|x86.ActiveCfg = Release|x86
		{5EDE119C-9D61-4531-9C35-E612C00988D1}.Release|x86.Build.0 = Release|x86
		{6FEA2D38-AABB-4341-992C-D183E959B237}.Debug|Any CPU.ActiveCfg = Debug|Any CPU
		{6FEA2D38-AABB-4341-992C-D183E959B237}.Debug|Any CPU.Build.0 = Debug|Any CPU
		{6FEA2D38-AABB-4341-992C-D183E959B237}.Debug|Mixed Platforms.ActiveCfg = Debug|Any CPU
		{6FEA2D38-AABB-4341-992C-D183E959B237}.Debug|Mixed Platforms.Build.0 = Debug|Any CPU
		{6FEA2D38-AABB-4341-992C-D183E959B237}.Debug|x86.ActiveCfg = Debug|Any CPU
		{6FEA2D38-AABB-4341-992C-D183E959B237}.Release|Any CPU.ActiveCfg = Release|Any CPU
		{6FEA2D38-AABB-4341-992C-D183E959B237}.Release|Any CPU.Build.0 = Release|Any CPU
		{6FEA2D38-AABB-4341-992C-D183E959B237}.Release|Mixed Platforms.ActiveCfg = Release|Any CPU
		{6FEA2D38-AABB-4341-992C-D183E959B237}.Release|Mixed Platforms.Build.0 = Release|Any CPU
		{6FEA2D38-AABB-4341-992C-D183E959B237}.Release|x86.ActiveCfg = Release|Any CPU
	EndGlobalSection
	GlobalSection(SolutionProperties) = preSolution
		HideSolutionNode = FALSE
	EndGlobalSection
EndGlobal
